
Microsoft Visual Studio Solution File, Format Version 12.00
# Visual Studio Version 17
VisualStudioVersion = 17.13.35919.96 d17.13
MinimumVisualStudioVersion = 10.0.40219.1
Project("{FAE04EC0-301F-11D3-BF4B-00C04F79EFBC}") = "Cybersecurity chatbot POE", "Cybersecurity chatbot POE\Cybersecurity chatbot POE.csproj", "{F4FFF411-27BC-418A-8B47-2E792EF5A40A}"
EndProject
Global
	GlobalSection(SolutionConfigurationPlatforms) = preSolution
		Debug|Any CPU = Debug|Any CPU
		Release|Any CPU = Release|Any CPU
	EndGlobalSection
	GlobalSection(ProjectConfigurationPlatforms) = postSolution
		{F4FFF411-27BC-418A-8B47-2E792EF5A40A}.Debug|Any CPU.ActiveCfg = Debug|Any CPU
		{F4FFF411-27BC-418A-8B47-2E792EF5A40A}.Debug|Any CPU.Build.0 = Debug|Any CPU
		{F4FFF411-27BC-418A-8B47-2E792EF5A40A}.Release|Any CPU.ActiveCfg = Release|Any CPU
		{F4FFF411-27BC-418A-8B47-2E792EF5A40A}.Release|Any CPU.Build.0 = Release|Any CPU
	EndGlobalSection
	GlobalSection(SolutionProperties) = preSolution
		HideSolutionNode = FALSE
	EndGlobalSection
	GlobalSection(ExtensibilityGlobals) = postSolution
		SolutionGuid = {1976AD7A-A961-43B4-B80F-93DA1BCE1959}
	EndGlobalSection
EndGlobal
